{
  "name": "@es-git/save-text-mixin",
  "version": "0.9.0",
  "lockfileVersion": 1,
  "requires": true,
  "dependencies": {
    "@es-git/core": {
      "version": "0.9.0",
      "resolved": "https://registry.npmjs.org/@es-git/core/-/core-0.9.0.tgz",
      "integrity": "sha512-YrrjuMMxNABIXaQINzXaJ6+pFz8+Xg10KFi8PXSVWYqJlATD4KKVLVLlHycxB67Yy/bCU/0PuIvsZGmdBajitA==",
      "requires": {
        "@es-git/mix": "^0.9.0",
        "text-encoding": "^0.6.4"
      }
    },
    "@es-git/mix": {
      "version": "0.9.0",
      "resolved": "https://registry.npmjs.org/@es-git/mix/-/mix-0.9.0.tgz",
      "integrity": "sha512-gFQuwVM/DI0MpVDTpp+NFcXZXftpZwfwfyHJ1Yfvptqkhz41bE8R5TqqECIwUcf29JkO42Ig21w/I3qSlgA+PA=="
    },
    "@es-git/object-mixin": {
      "version": "0.9.0",
      "resolved": "https://registry.npmjs.org/@es-git/object-mixin/-/object-mixin-0.9.0.tgz",
      "integrity": "sha512-JFG/Bbupp0hi9lNK8XX/bONzIHgK+TREgV6oDBMxJB+ToV+/kaJQNwaMWzJymuMSRWfKaPYnGAUhESxnLorpBQ==",
      "requires": {
        "@es-git/core": "^0.9.0"
      }
    },
    "text-encoding": {
      "version": "0.6.4",
      "resolved": "https://registry.npmjs.org/text-encoding/-/text-encoding-0.6.4.tgz",
      "integrity": "sha1-45mpgiV6J22uQou5KEXLcb3CbRk="
    }
  }
}
